
Microsoft Visual Studio Solution File, Format Version 12.00
# Visual Studio Version 17
VisualStudioVersion = 17.2.32630.192
MinimumVisualStudioVersion = 10.0.40219.1
Project("{9092AA53-FB77-4645-B42D-1CCCA6BD08BD}") = "try1", "try1\try1.njsproj", "{EA88DB82-1D30-472B-B1EE-B52334B310BA}"
EndProject
Global
	GlobalSection(SolutionConfigurationPlatforms) = preSolution
		Debug|Any CPU = Debug|Any CPU
		Release|Any CPU = Release|Any CPU
	EndGlobalSection
	GlobalSection(ProjectConfigurationPlatforms) = postSolution
		{EA88DB82-1D30-472B-B1EE-B52334B310BA}.Debug|Any CPU.ActiveCfg = Debug|Any CPU
		{EA88DB82-1D30-472B-B1EE-B52334B310BA}.Debug|Any CPU.Build.0 = Debug|Any CPU
		{EA88DB82-1D30-472B-B1EE-B52334B310BA}.Release|Any CPU.ActiveCfg = Release|Any CPU
		{EA88DB82-1D30-472B-B1EE-B52334B310BA}.Release|Any CPU.Build.0 = Release|Any CPU
	EndGlobalSection
	GlobalSection(SolutionProperties) = preSolution
		HideSolutionNode = FALSE
	EndGlobalSection
	GlobalSection(ExtensibilityGlobals) = postSolution
		SolutionGuid = {B1344970-8619-4BEA-88AD-C7DCA35DFC78}
	EndGlobalSection
EndGlobal
